github.com/RyanBrushett/battlesnake2020 v0.0.0-20200331172245-3e813bc895d2 h1:U36+rVdqA1jD2Ck2wcfsPwYaxj1G6JiB4L/qG+fF7SM=
github.com/RyanBrushett/battlesnake2020 v0.0.0-20200331172245-3e813bc895d2/go.mod h1:ziabc5NmLl3koeoZuyUvZ9PPQkKh8RUTGNPSPYZupWQ=
github.com/samwheating/battlesnake2020 v0.0.0-20200330005350-ea4e5ff01750 h1:iA2t2LCHzfTRTPqNdjbsnLB3mQs1sAhXS9DPtgQ4nwM=
